
Microsoft Visual Studio Solution File, Format Version 12.00
# Visual Studio Version 17
VisualStudioVersion = 17.0.31903.59
MinimumVisualStudioVersion = 10.0.40219.1
Project("{2150E333-8FDC-42A3-9474-1A3956D46DE8}") = "src", "src", "{827E0CD3-B72D-47B6-A68D-7590B98EB39B}"
EndProject
Project("{FAE04EC0-301F-11D3-BF4B-00C04F79EFBC}") = "HealthNote.Domain", "src\HealthNote.Domain\HealthNote.Domain.csproj", "{FFF00FEC-AD9A-472F-8174-75369EF42BBB}"
EndProject
Project("{FAE04EC0-301F-11D3-BF4B-00C04F79EFBC}") = "HealthNote.Application", "src\HealthNote.Application\HealthNote.Application.csproj", "{F29F88C8-1D23-49C2-AFE8-0F0C407BAD4D}"
EndProject
Project("{FAE04EC0-301F-11D3-BF4B-00C04F79EFBC}") = "HealthNote.Infrastructure", "src\HealthNote.Infrastructure\HealthNote.Infrastructure.csproj", "{9049BFDD-7D4A-4606-BCB2-7475EAF2093D}"
EndProject
Project("{FAE04EC0-301F-11D3-BF4B-00C04F79EFBC}") = "HealthNote.Desktop", "src\HealthNote.Desktop\HealthNote.Desktop.csproj", "{12FDD19A-C2AA-4C69-8D7E-512C82254A81}"
EndProject
Project("{FAE04EC0-301F-11D3-BF4B-00C04F79EFBC}") = "HealthNote.Api", "src\HealthNote.Api\HealthNote.Api.csproj", "{C2F81004-74A5-418E-8E5E-5DE9118E65FE}"
EndProject
Project("{2150E333-8FDC-42A3-9474-1A3956D46DE8}") = "tests", "tests", "{0AB3BF05-4346-4AA6-1389-037BE0695223}"
EndProject
Project("{FAE04EC0-301F-11D3-BF4B-00C04F79EFBC}") = "HealthNote.Desktop.Tests", "tests\HealthNote.Desktop.Tests\HealthNote.Desktop.Tests.csproj", "{1DD074C8-D95D-471F-B9C3-84EF6D9DC93D}"
EndProject
Global
	GlobalSection(SolutionConfigurationPlatforms) = preSolution
		Debug|Any CPU = Debug|Any CPU
		Debug|x64 = Debug|x64
		Debug|x86 = Debug|x86
		Release|Any CPU = Release|Any CPU
		Release|x64 = Release|x64
		Release|x86 = Release|x86
	EndGlobalSection
	GlobalSection(ProjectConfigurationPlatforms) = postSolution
		{FFF00FEC-AD9A-472F-8174-75369EF42BBB}.Debug|Any CPU.ActiveCfg = Debug|Any CPU
		{FFF00FEC-AD9A-472F-8174-75369EF42BBB}.Debug|Any CPU.Build.0 = Debug|Any CPU
		{FFF00FEC-AD9A-472F-8174-75369EF42BBB}.Debug|x64.ActiveCfg = Debug|Any CPU
		{FFF00FEC-AD9A-472F-8174-75369EF42BBB}.Debug|x64.Build.0 = Debug|Any CPU
		{FFF00FEC-AD9A-472F-8174-75369EF42BBB}.Debug|x86.ActiveCfg = Debug|Any CPU
		{FFF00FEC-AD9A-472F-8174-75369EF42BBB}.Debug|x86.Build.0 = Debug|Any CPU
		{FFF00FEC-AD9A-472F-8174-75369EF42BBB}.Release|Any CPU.ActiveCfg = Release|Any CPU
		{FFF00FEC-AD9A-472F-8174-75369EF42BBB}.Release|Any CPU.Build.0 = Release|Any CPU
		{FFF00FEC-AD9A-472F-8174-75369EF42BBB}.Release|x64.ActiveCfg = Release|Any CPU
		{FFF00FEC-AD9A-472F-8174-75369EF42BBB}.Release|x64.Build.0 = Release|Any CPU
		{FFF00FEC-AD9A-472F-8174-75369EF42BBB}.Release|x86.ActiveCfg = Release|Any CPU
		{FFF00FEC-AD9A-472F-8174-75369EF42BBB}.Release|x86.Build.0 = Release|Any CPU
		{F29F88C8-1D23-49C2-AFE8-0F0C407BAD4D}.Debug|Any CPU.ActiveCfg = Debug|Any CPU
		{F29F88C8-1D23-49C2-AFE8-0F0C407BAD4D}.Debug|Any CPU.Build.0 = Debug|Any CPU
		{F29F88C8-1D23-49C2-AFE8-0F0C407BAD4D}.Debug|x64.ActiveCfg = Debug|Any CPU
		{F29F88C8-1D23-49C2-AFE8-0F0C407BAD4D}.Debug|x64.Build.0 = Debug|Any CPU
		{F29F88C8-1D23-49C2-AFE8-0F0C407BAD4D}.Debug|x86.ActiveCfg = Debug|Any CPU
		{F29F88C8-1D23-49C2-AFE8-0F0C407BAD4D}.Debug|x86.Build.0 = Debug|Any CPU
		{F29F88C8-1D23-49C2-AFE8-0F0C407BAD4D}.Release|Any CPU.ActiveCfg = Release|Any CPU
		{F29F88C8-1D23-49C2-AFE8-0F0C407BAD4D}.Release|Any CPU.Build.0 = Release|Any CPU
		{F29F88C8-1D23-49C2-AFE8-0F0C407BAD4D}.Release|x64.ActiveCfg = Release|Any CPU
		{F29F88C8-1D23-49C2-AFE8-0F0C407BAD4D}.Release|x64.Build.0 = Release|Any CPU
		{F29F88C8-1D23-49C2-AFE8-0F0C407BAD4D}.Release|x86.ActiveCfg = Release|Any CPU
		{F29F88C8-1D23-49C2-AFE8-0F0C407BAD4D}.Release|x86.Build.0 = Release|Any CPU
		{9049BFDD-7D4A-4606-BCB2-7475EAF2093D}.Debug|Any CPU.ActiveCfg = Debug|Any CPU
		{9049BFDD-7D4A-4606-BCB2-7475EAF2093D}.Debug|Any CPU.Build.0 = Debug|Any CPU
		{9049BFDD-7D4A-4606-BCB2-7475EAF2093D}.Debug|x64.ActiveCfg = Debug|Any CPU
		{9049BFDD-7D4A-4606-BCB2-7475EAF2093D}.Debug|x64.Build.0 = Debug|Any CPU
		{9049BFDD-7D4A-4606-BCB2-7475EAF2093D}.Debug|x86.ActiveCfg = Debug|Any CPU
		{9049BFDD-7D4A-4606-BCB2-7475EAF2093D}.Debug|x86.Build.0 = Debug|Any CPU
		{9049BFDD-7D4A-4606-BCB2-7475EAF2093D}.Release|Any CPU.ActiveCfg = Release|Any CPU
		{9049BFDD-7D4A-4606-BCB2-7475EAF2093D}.Release|Any CPU.Build.0 = Release|Any CPU
		{9049BFDD-7D4A-4606-BCB2-7475EAF2093D}.Release|x64.ActiveCfg = Release|Any CPU
		{9049BFDD-7D4A-4606-BCB2-7475EAF2093D}.Release|x64.Build.0 = Release|Any CPU
		{9049BFDD-7D4A-4606-BCB2-7475EAF2093D}.Release|x86.ActiveCfg = Release|Any CPU
		{9049BFDD-7D4A-4606-BCB2-7475EAF2093D}.Release|x86.Build.0 = Release|Any CPU
		{12FDD19A-C2AA-4C69-8D7E-512C82254A81}.Debug|Any CPU.ActiveCfg = Debug|Any CPU
		{12FDD19A-C2AA-4C69-8D7E-512C82254A81}.Debug|Any CPU.Build.0 = Debug|Any CPU
		{12FDD19A-C2AA-4C69-8D7E-512C82254A81}.Debug|x64.ActiveCfg = Debug|Any CPU
		{12FDD19A-C2AA-4C69-8D7E-512C82254A81}.Debug|x64.Build.0 = Debug|Any CPU
		{12FDD19A-C2AA-4C69-8D7E-512C82254A81}.Debug|x86.ActiveCfg = Debug|Any CPU
		{12FDD19A-C2AA-4C69-8D7E-512C82254A81}.Debug|x86.Build.0 = Debug|Any CPU
		{12FDD19A-C2AA-4C69-8D7E-512C82254A81}.Release|Any CPU.ActiveCfg = Release|Any CPU
		{12FDD19A-C2AA-4C69-8D7E-512C82254A81}.Release|Any CPU.Build.0 = Release|Any CPU
		{12FDD19A-C2AA-4C69-8D7E-512C82254A81}.Release|x64.ActiveCfg = Release|Any CPU
		{12FDD19A-C2AA-4C69-8D7E-512C82254A81}.Release|x64.Build.0 = Release|Any CPU
		{12FDD19A-C2AA-4C69-8D7E-512C82254A81}.Release|x86.ActiveCfg = Release|Any CPU
		{12FDD19A-C2AA-4C69-8D7E-512C82254A81}.Release|x86.Build.0 = Release|Any CPU
		{C2F81004-74A5-418E-8E5E-5DE9118E65FE}.Debug|Any CPU.ActiveCfg = Debug|Any CPU
		{C2F81004-74A5-418E-8E5E-5DE9118E65FE}.Debug|Any CPU.Build.0 = Debug|Any CPU
		{C2F81004-74A5-418E-8E5E-5DE9118E65FE}.Debug|x64.ActiveCfg = Debug|Any CPU
		{C2F81004-74A5-418E-8E5E-5DE9118E65FE}.Debug|x64.Build.0 = Debug|Any CPU
		{C2F81004-74A5-418E-8E5E-5DE9118E65FE}.Debug|x86.ActiveCfg = Debug|Any CPU
		{C2F81004-74A5-418E-8E5E-5DE9118E65FE}.Debug|x86.Build.0 = Debug|Any CPU
		{C2F81004-74A5-418E-8E5E-5DE9118E65FE}.Release|Any CPU.ActiveCfg = Release|Any CPU
		{C2F81004-74A5-418E-8E5E-5DE9118E65FE}.Release|Any CPU.Build.0 = Release|Any CPU
		{C2F81004-74A5-418E-8E5E-5DE9118E65FE}.Release|x64.ActiveCfg = Release|Any CPU
		{C2F81004-74A5-418E-8E5E-5DE9118E65FE}.Release|x64.Build.0 = Release|Any CPU
		{C2F81004-74A5-418E-8E5E-5DE9118E65FE}.Release|x86.ActiveCfg = Release|Any CPU
		{C2F81004-74A5-418E-8E5E-5DE9118E65FE}.Release|x86.Build.0 = Release|Any CPU
		{1DD074C8-D95D-471F-B9C3-84EF6D9DC93D}.Debug|Any CPU.ActiveCfg = Debug|Any CPU
		{1DD074C8-D95D-471F-B9C3-84EF6D9DC93D}.Debug|Any CPU.Build.0 = Debug|Any CPU
		{1DD074C8-D95D-471F-B9C3-84EF6D9DC93D}.Debug|x64.ActiveCfg = Debug|Any CPU
		{1DD074C8-D95D-471F-B9C3-84EF6D9DC93D}.Debug|x64.Build.0 = Debug|Any CPU
		{1DD074C8-D95D-471F-B9C3-84EF6D9DC93D}.Debug|x86.ActiveCfg = Debug|Any CPU
		{1DD074C8-D95D-471F-B9C3-84EF6D9DC93D}.Debug|x86.Build.0 = Debug|Any CPU
		{1DD074C8-D95D-471F-B9C3-84EF6D9DC93D}.Release|Any CPU.ActiveCfg = Release|Any CPU
		{1DD074C8-D95D-471F-B9C3-84EF6D9DC93D}.Release|Any CPU.Build.0 = Release|Any CPU
		{1DD074C8-D95D-471F-B9C3-84EF6D9DC93D}.Release|x64.ActiveCfg = Release|Any CPU
		{1DD074C8-D95D-471F-B9C3-84EF6D9DC93D}.Release|x64.Build.0 = Release|Any CPU
		{1DD074C8-D95D-471F-B9C3-84EF6D9DC93D}.Release|x86.ActiveCfg = Release|Any CPU
		{1DD074C8-D95D-471F-B9C3-84EF6D9DC93D}.Release|x86.Build.0 = Release|Any CPU
	EndGlobalSection
	GlobalSection(SolutionProperties) = preSolution
		HideSolutionNode = FALSE
	EndGlobalSection
	GlobalSection(NestedProjects) = preSolution
		{FFF00FEC-AD9A-472F-8174-75369EF42BBB} = {827E0CD3-B72D-47B6-A68D-7590B98EB39B}
		{F29F88C8-1D23-49C2-AFE8-0F0C407BAD4D} = {827E0CD3-B72D-47B6-A68D-7590B98EB39B}
		{9049BFDD-7D4A-4606-BCB2-7475EAF2093D} = {827E0CD3-B72D-47B6-A68D-7590B98EB39B}
		{12FDD19A-C2AA-4C69-8D7E-512C82254A81} = {827E0CD3-B72D-47B6-A68D-7590B98EB39B}
		{C2F81004-74A5-418E-8E5E-5DE9118E65FE} = {827E0CD3-B72D-47B6-A68D-7590B98EB39B}
		{1DD074C8-D95D-471F-B9C3-84EF6D9DC93D} = {0AB3BF05-4346-4AA6-1389-037BE0695223}
	EndGlobalSection
EndGlobal
